{
  "name": "diandicms",
  "lockfileVersion": 2,
  "requires": true,
  "packages": {
    "": {
      "dependencies": {
        "diandi-ele-form-filter": "^1.0.3"
      }
    },
    "node_modules/diandi-ele-form-filter": {
      "version": "1.0.3",
      "resolved": "https://registry.npmjs.org/diandi-ele-form-filter/-/diandi-ele-form-filter-1.0.3.tgz",
      "integrity": "sha512-EuSXSuM6Q2rtmypP7cvlJ0I08HvsJh1nFL1dL5yOsA3kJAH6pSxPoas/80IjPsRzI7WHaFl5AyLvilA2a2FGdA=="
    }
  },
  "dependencies": {
    "diandi-ele-form-filter": {
      "version": "1.0.3",
      "resolved": "https://registry.npmjs.org/diandi-ele-form-filter/-/diandi-ele-form-filter-1.0.3.tgz",
      "integrity": "sha512-EuSXSuM6Q2rtmypP7cvlJ0I08HvsJh1nFL1dL5yOsA3kJAH6pSxPoas/80IjPsRzI7WHaFl5AyLvilA2a2FGdA=="
    }
  }
}
